// !$*UTF8*$!
{
	archiveVersion = 1;
	classes = {
	};
	objectVersion = 46;
	objects = {

/* Begin PBXBuildFile section */
		1D3623260D0F684500981E51 /* KngrooAppDelegate.m in Sources */ = {isa = PBXBuildFile; fileRef = 1D3623250D0F684500981E51 /* KngrooAppDelegate.m */; };
		1D60589B0D05DD56006BFB54 /* main.m in Sources */ = {isa = PBXBuildFile; fileRef = 29B97316FDCFA39411CA2CEA /* main.m */; };
		1D60589F0D05DD5A006BFB54 /* Foundation.framework in Frameworks */ = {isa = PBXBuildFile; fileRef = 1D30AB110D05D00D00671497 /* Foundation.framework */; };
		1DF5F4E00D08C38300B7A737 /* UIKit.framework in Frameworks */ = {isa = PBXBuildFile; fileRef = 1DF5F4DF0D08C38300B7A737 /* UIKit.framework */; };
		288765080DF74369002DB57D /* CoreGraphics.framework in Frameworks */ = {isa = PBXBuildFile; fileRef = 288765070DF74369002DB57D /* CoreGraphics.framework */; };
		28AD73880D9D96C1002E5188 /* MainWindow.xib in Resources */ = {isa = PBXBuildFile; fileRef = 28AD73870D9D96C1002E5188 /* MainWindow.xib */; };
		7E35B338145927DB002073DB /* indicator.png in Resources */ = {isa = PBXBuildFile; fileRef = 7E35B336145927DB002073DB /* indicator.png */; };
		7E35B339145927DB002073DB /* indicator@2x.png in Resources */ = {isa = PBXBuildFile; fileRef = 7E35B337145927DB002073DB /* indicator@2x.png */; };
		7E35B33C1459B692002073DB /* Category.m in Sources */ = {isa = PBXBuildFile; fileRef = 7E35B33B1459B692002073DB /* Category.m */; };
		7E35B33F1459B8E5002073DB /* ImageManager.m in Sources */ = {isa = PBXBuildFile; fileRef = 7E35B33E1459B8E5002073DB /* ImageManager.m */; };
		7E35B3421459CF41002073DB /* NSString+SHA1.m in Sources */ = {isa = PBXBuildFile; fileRef = 7E35B3411459CF41002073DB /* NSString+SHA1.m */; };
		7E50B1C6144F71AA00A4FB36 /* HopListViewController.m in Sources */ = {isa = PBXBuildFile; fileRef = 7E50B1C4144F71AA00A4FB36 /* HopListViewController.m */; };
		7E50B1C7144F71AA00A4FB36 /* HopListView.xib in Resources */ = {isa = PBXBuildFile; fileRef = 7E50B1C5144F71AA00A4FB36 /* HopListView.xib */; };
		7E50B1CA144F8D4900A4FB36 /* LeadersViewController.m in Sources */ = {isa = PBXBuildFile; fileRef = 7E50B1C9144F8D4900A4FB36 /* LeadersViewController.m */; };
		7E50B1CC144F8E7100A4FB36 /* LeadersView.xib in Resources */ = {isa = PBXBuildFile; fileRef = 7E50B1CB144F8E7100A4FB36 /* LeadersView.xib */; };
		7E50B1CF144F944300A4FB36 /* HopViewController.m in Sources */ = {isa = PBXBuildFile; fileRef = 7E50B1CE144F944300A4FB36 /* HopViewController.m */; };
		7E50B1D1144F946D00A4FB36 /* HopView.xib in Resources */ = {isa = PBXBuildFile; fileRef = 7E50B1D0144F946D00A4FB36 /* HopView.xib */; };
		7E50B1D3144F9EB800A4FB36 /* hop-image.png in Resources */ = {isa = PBXBuildFile; fileRef = 7E50B1D2144F9EB700A4FB36 /* hop-image.png */; };
		7E50B1D6144FE78400A4FB36 /* Checkin.m in Sources */ = {isa = PBXBuildFile; fileRef = 7E50B1D5144FE78400A4FB36 /* Checkin.m */; };
		7E5348D01454DA1E001A938B /* VenueView.xib in Resources */ = {isa = PBXBuildFile; fileRef = 7E5348CF1454DA1E001A938B /* VenueView.xib */; };
		7E5348D31454DADF001A938B /* VenueViewController.m in Sources */ = {isa = PBXBuildFile; fileRef = 7E5348D21454DADF001A938B /* VenueViewController.m */; };
		7E5348D51454DCA3001A938B /* venue-image.png in Resources */ = {isa = PBXBuildFile; fileRef = 7E5348D41454DCA3001A938B /* venue-image.png */; };
		7E5348D81454EBAD001A938B /* Assignment.m in Sources */ = {isa = PBXBuildFile; fileRef = 7E5348D71454EBAD001A938B /* Assignment.m */; };
		7E5348DB1455CA52001A938B /* AssignmentViewController.m in Sources */ = {isa = PBXBuildFile; fileRef = 7E5348DA1455CA52001A938B /* AssignmentViewController.m */; };
		7ECDC969144DCD9900938D03 /* AssignmentListView.xib in Resources */ = {isa = PBXBuildFile; fileRef = 7ECDC968144DCD9900938D03 /* AssignmentListView.xib */; };
		7ECDC96E144DCDD700938D03 /* AssignmentListViewController.m in Sources */ = {isa = PBXBuildFile; fileRef = 7ECDC96D144DCDD700938D03 /* AssignmentListViewController.m */; };
		7ECDC974144DCEF400938D03 /* Hop.m in Sources */ = {isa = PBXBuildFile; fileRef = 7ECDC973144DCEF400938D03 /* Hop.m */; };
		7ECDC9BA144DD2B200938D03 /* CFNetwork.framework in Frameworks */ = {isa = PBXBuildFile; fileRef = 7ECDC9B9144DD2B200938D03 /* CFNetwork.framework */; };
		7ECDC9BC144DD2B200938D03 /* MobileCoreServices.framework in Frameworks */ = {isa = PBXBuildFile; fileRef = 7ECDC9BB144DD2B200938D03 /* MobileCoreServices.framework */; };
		7ECDC9BE144DD2B200938D03 /* SystemConfiguration.framework in Frameworks */ = {isa = PBXBuildFile; fileRef = 7ECDC9BD144DD2B200938D03 /* SystemConfiguration.framework */; };
		7ECDC9D1144DD33100938D03 /* libRestKitNetwork.a in Frameworks */ = {isa = PBXBuildFile; fileRef = 7ECDC99D144DD28C00938D03 /* libRestKitNetwork.a */; };
		7ECDC9D2144DD33100938D03 /* libRestKitObjectMapping.a in Frameworks */ = {isa = PBXBuildFile; fileRef = 7ECDC99F144DD28C00938D03 /* libRestKitObjectMapping.a */; };
		7ECDC9D3144DD33100938D03 /* libRestKitSupport.a in Frameworks */ = {isa = PBXBuildFile; fileRef = 7ECDC9A1144DD28C00938D03 /* libRestKitSupport.a */; };
		7ECDC9D4144DD33100938D03 /* libRestKitJSONParserJSONKit.a in Frameworks */ = {isa = PBXBuildFile; fileRef = 7ECDC9A9144DD28C00938D03 /* libRestKitJSONParserJSONKit.a */; };
		7ECDCA04144DD53000938D03 /* User.m in Sources */ = {isa = PBXBuildFile; fileRef = 7ECDCA03144DD53000938D03 /* User.m */; };
		7ECDCA07144DD60800938D03 /* Venue.m in Sources */ = {isa = PBXBuildFile; fileRef = 7ECDCA06144DD60800938D03 /* Venue.m */; };
		7ECDCA27144DD7B500938D03 /* DDAbstractDatabaseLogger.m in Sources */ = {isa = PBXBuildFile; fileRef = 7ECDCA18144DD7B500938D03 /* DDAbstractDatabaseLogger.m */; };
		7ECDCA28144DD7B500938D03 /* DDASLLogger.m in Sources */ = {isa = PBXBuildFile; fileRef = 7ECDCA1A144DD7B500938D03 /* DDASLLogger.m */; };
		7ECDCA29144DD7B500938D03 /* DDFileLogger.m in Sources */ = {isa = PBXBuildFile; fileRef = 7ECDCA1C144DD7B500938D03 /* DDFileLogger.m */; };
		7ECDCA2A144DD7B500938D03 /* DDLog.m in Sources */ = {isa = PBXBuildFile; fileRef = 7ECDCA1E144DD7B500938D03 /* DDLog.m */; };
		7ECDCA2B144DD7B500938D03 /* DDTTYLogger.m in Sources */ = {isa = PBXBuildFile; fileRef = 7ECDCA20144DD7B500938D03 /* DDTTYLogger.m */; };
		7EDF7C1F1458E9AA00726C1B /* AccountView.xib in Resources */ = {isa = PBXBuildFile; fileRef = 7EDF7C1E1458E9AA00726C1B /* AccountView.xib */; };
		7EDF7C221458E9CD00726C1B /* AccountViewController.m in Sources */ = {isa = PBXBuildFile; fileRef = 7EDF7C211458E9CD00726C1B /* AccountViewController.m */; };
		7EDF7C251458ECB700726C1B /* Trophy.m in Sources */ = {isa = PBXBuildFile; fileRef = 7EDF7C241458ECB700726C1B /* Trophy.m */; };
		7EDF7C5B14591D8D00726C1B /* V8HorizontalPickerView.m in Sources */ = {isa = PBXBuildFile; fileRef = 7EDF7C4314591D8D00726C1B /* V8HorizontalPickerView.m */; };
		7EF45096144E2A0F00536B0E /* kngroo-logo-sq114.png in Resources */ = {isa = PBXBuildFile; fileRef = 7EF45095144E2A0F00536B0E /* kngroo-logo-sq114.png */; };
		7EF45098144E2A1700536B0E /* kngroo-logo-sq57.png in Resources */ = {isa = PBXBuildFile; fileRef = 7EF45097144E2A1700536B0E /* kngroo-logo-sq57.png */; };
/* End PBXBuildFile section */

/* Begin PBXContainerItemProxy section */
		7ECDC99C144DD28C00938D03 /* PBXContainerItemProxy */ = {
			isa = PBXContainerItemProxy;
			containerPortal = 7ECDC98D144DD28C00938D03 /* RestKit.xcodeproj */;
			proxyType = 2;
			remoteGlobalIDString = 253A07FC1255161B00976E89;
			remoteInfo = RestKitNetwork;
		};
		7ECDC99E144DD28C00938D03 /* PBXContainerItemProxy */ = {
			isa = PBXContainerItemProxy;
			containerPortal = 7ECDC98D144DD28C00938D03 /* RestKit.xcodeproj */;
			proxyType = 2;
			remoteGlobalIDString = 253A08031255162C00976E89;
			remoteInfo = RestKitObjectMapping;
		};
		7ECDC9A0144DD28C00938D03 /* PBXContainerItemProxy */ = {
			isa = PBXContainerItemProxy;
			containerPortal = 7ECDC98D144DD28C00938D03 /* RestKit.xcodeproj */;
			proxyType = 2;
			remoteGlobalIDString = 253A080C12551D3000976E89;
			remoteInfo = RestKitSupport;
		};
		7ECDC9A2144DD28C00938D03 /* PBXContainerItemProxy */ = {
			isa = PBXContainerItemProxy;
			containerPortal = 7ECDC98D144DD28C00938D03 /* RestKit.xcodeproj */;
			proxyType = 2;
			remoteGlobalIDString = 20808DBD13DE8CDC000A156A;
			remoteInfo = "RestKitJSONParser+NXJSON";
		};
		7ECDC9A4144DD28C00938D03 /* PBXContainerItemProxy */ = {
			isa = PBXContainerItemProxy;
			containerPortal = 7ECDC98D144DD28C00938D03 /* RestKit.xcodeproj */;
			proxyType = 2;
			remoteGlobalIDString = 2590E64F125231F600531FA8;
			remoteInfo = "RestKitJSONParser+YAJL";
		};
		7ECDC9A6144DD28C00938D03 /* PBXContainerItemProxy */ = {
			isa = PBXContainerItemProxy;
			containerPortal = 7ECDC98D144DD28C00938D03 /* RestKit.xcodeproj */;
			proxyType = 2;
			remoteGlobalIDString = 2590E66B1252353700531FA8;
			remoteInfo = "RestKitJSONParser+SBJSON";
		};
		7ECDC9A8144DD28C00938D03 /* PBXContainerItemProxy */ = {
			isa = PBXContainerItemProxy;
			containerPortal = 7ECDC98D144DD28C00938D03 /* RestKit.xcodeproj */;
			proxyType = 2;
			remoteGlobalIDString = 73057FD11331AD2E001908EE;
			remoteInfo = "RestKitJSONParser+JSONKit";
		};
		7ECDC9AA144DD28C00938D03 /* PBXContainerItemProxy */ = {
			isa = PBXContainerItemProxy;
			containerPortal = 7ECDC98D144DD28C00938D03 /* RestKit.xcodeproj */;
			proxyType = 2;
			remoteGlobalIDString = 25BD43BD1340315800DBACDD;
			remoteInfo = "RestKitXMLParser+Libxml";
		};
		7ECDC9AC144DD28C00938D03 /* PBXContainerItemProxy */ = {
			isa = PBXContainerItemProxy;
			containerPortal = 7ECDC98D144DD28C00938D03 /* RestKit.xcodeproj */;
			proxyType = 2;
			remoteGlobalIDString = 253A081412551D5300976E89;
			remoteInfo = RestKitCoreData;
		};
		7ECDC9AE144DD28C00938D03 /* PBXContainerItemProxy */ = {
			isa = PBXContainerItemProxy;
			containerPortal = 7ECDC98D144DD28C00938D03 /* RestKit.xcodeproj */;
			proxyType = 2;
			remoteGlobalIDString = 2523360511E79F090048F9B4;
			remoteInfo = RestKitThree20;
		};
		7ECDC9B0144DD28C00938D03 /* PBXContainerItemProxy */ = {
			isa = PBXContainerItemProxy;
			containerPortal = 7ECDC98D144DD28C00938D03 /* RestKit.xcodeproj */;
			proxyType = 2;
			remoteGlobalIDString = 3F6C39A510FE5C95008F47C5;
			remoteInfo = "RestKit Specs";
		};
		7ECDC9CF144DD30F00938D03 /* PBXContainerItemProxy */ = {
			isa = PBXContainerItemProxy;
			containerPortal = 7ECDC98D144DD28C00938D03 /* RestKit.xcodeproj */;
			proxyType = 1;
			remoteGlobalIDString = 255B7588133BABBF00ED76AD;
			remoteInfo = RestKit;
		};
/* End PBXContainerItemProxy section */

/* Begin PBXFileReference section */
		1D30AB110D05D00D00671497 /* Foundation.framework */ = {isa = PBXFileReference; lastKnownFileType = wrapper.framework; name = Foundation.framework; path = System/Library/Frameworks/Foundation.framework; sourceTree = SDKROOT; };
		1D3623240D0F684500981E51 /* KngrooAppDelegate.h */ = {isa = PBXFileReference; fileEncoding = 4; lastKnownFileType = sourcecode.c.h; path = KngrooAppDelegate.h; sourceTree = "<group>"; };
		1D3623250D0F684500981E51 /* KngrooAppDelegate.m */ = {isa = PBXFileReference; fileEncoding = 4; lastKnownFileType = sourcecode.c.objc; path = KngrooAppDelegate.m; sourceTree = "<group>"; };
		1D6058910D05DD3D006BFB54 /* Kngroo.app */ = {isa = PBXFileReference; explicitFileType = wrapper.application; includeInIndex = 0; path = Kngroo.app; sourceTree = BUILT_PRODUCTS_DIR; };
		1DF5F4DF0D08C38300B7A737 /* UIKit.framework */ = {isa = PBXFileReference; lastKnownFileType = wrapper.framework; name = UIKit.framework; path = System/Library/Frameworks/UIKit.framework; sourceTree = SDKROOT; };
		288765070DF74369002DB57D /* CoreGraphics.framework */ = {isa = PBXFileReference; lastKnownFileType = wrapper.framework; name = CoreGraphics.framework; path = System/Library/Frameworks/CoreGraphics.framework; sourceTree = SDKROOT; };
		28A0AB4B0D9B1048005BE974 /* Kngroo_Prefix.pch */ = {isa = PBXFileReference; fileEncoding = 4; lastKnownFileType = sourcecode.c.h; path = Kngroo_Prefix.pch; sourceTree = "<group>"; };
		28AD73870D9D96C1002E5188 /* MainWindow.xib */ = {isa = PBXFileReference; lastKnownFileType = file.xib; path = MainWindow.xib; sourceTree = "<group>"; };
		29B97316FDCFA39411CA2CEA /* main.m */ = {isa = PBXFileReference; fileEncoding = 4; lastKnownFileType = sourcecode.c.objc; path = main.m; sourceTree = "<group>"; };
		7E35B336145927DB002073DB /* indicator.png */ = {isa = PBXFileReference; lastKnownFileType = image.png; name = indicator.png; path = V8HorizontalPickerView/Demo/Images/indicator.png; sourceTree = "<group>"; };
		7E35B337145927DB002073DB /* indicator@2x.png */ = {isa = PBXFileReference; lastKnownFileType = image.png; name = "indicator@2x.png"; path = "V8HorizontalPickerView/Demo/Images/indicator@2x.png"; sourceTree = "<group>"; };
		7E35B33A1459B692002073DB /* Category.h */ = {isa = PBXFileReference; fileEncoding = 4; lastKnownFileType = sourcecode.c.h; path = Category.h; sourceTree = "<group>"; };
		7E35B33B1459B692002073DB /* Category.m */ = {isa = PBXFileReference; fileEncoding = 4; lastKnownFileType = sourcecode.c.objc; path = Category.m; sourceTree = "<group>"; };
		7E35B33D1459B8E5002073DB /* ImageManager.h */ = {isa = PBXFileReference; fileEncoding = 4; lastKnownFileType = sourcecode.c.h; path = ImageManager.h; sourceTree = "<group>"; };
		7E35B33E1459B8E5002073DB /* ImageManager.m */ = {isa = PBXFileReference; fileEncoding = 4; lastKnownFileType = sourcecode.c.objc; path = ImageManager.m; sourceTree = "<group>"; };
		7E35B3401459CF41002073DB /* NSString+SHA1.h */ = {isa = PBXFileReference; fileEncoding = 4; lastKnownFileType = sourcecode.c.h; path = "NSString+SHA1.h"; sourceTree = "<group>"; };
		7E35B3411459CF41002073DB /* NSString+SHA1.m */ = {isa = PBXFileReference; fileEncoding = 4; lastKnownFileType = sourcecode.c.objc; path = "NSString+SHA1.m"; sourceTree = "<group>"; };
		7E50B1C3144F71AA00A4FB36 /* HopListViewController.h */ = {isa = PBXFileReference; fileEncoding = 4; lastKnownFileType = sourcecode.c.h; path = HopListViewController.h; sourceTree = "<group>"; };
		7E50B1C4144F71AA00A4FB36 /* HopListViewController.m */ = {isa = PBXFileReference; fileEncoding = 4; lastKnownFileType = sourcecode.c.objc; path = HopListViewController.m; sourceTree = "<group>"; };
		7E50B1C5144F71AA00A4FB36 /* HopListView.xib */ = {isa = PBXFileReference; fileEncoding = 4; lastKnownFileType = file.xib; path = HopListView.xib; sourceTree = "<group>"; };
		7E50B1C8144F8D4900A4FB36 /* LeadersViewController.h */ = {isa = PBXFileReference; fileEncoding = 4; lastKnownFileType = sourcecode.c.h; path = LeadersViewController.h; sourceTree = "<group>"; };
		7E50B1C9144F8D4900A4FB36 /* LeadersViewController.m */ = {isa = PBXFileReference; fileEncoding = 4; lastKnownFileType = sourcecode.c.objc; path = LeadersViewController.m; sourceTree = "<group>"; };
		7E50B1CB144F8E7100A4FB36 /* LeadersView.xib */ = {isa = PBXFileReference; fileEncoding = 4; lastKnownFileType = file.xib; path = LeadersView.xib; sourceTree = "<group>"; };
		7E50B1CD144F944200A4FB36 /* HopViewController.h */ = {isa = PBXFileReference; fileEncoding = 4; lastKnownFileType = sourcecode.c.h; path = HopViewController.h; sourceTree = "<group>"; };
		7E50B1CE144F944300A4FB36 /* HopViewController.m */ = {isa = PBXFileReference; fileEncoding = 4; lastKnownFileType = sourcecode.c.objc; path = HopViewController.m; sourceTree = "<group>"; };
		7E50B1D0144F946D00A4FB36 /* HopView.xib */ = {isa = PBXFileReference; fileEncoding = 4; lastKnownFileType = file.xib; path = HopView.xib; sourceTree = "<group>"; };
		7E50B1D2144F9EB700A4FB36 /* hop-image.png */ = {isa = PBXFileReference; lastKnownFileType = image.png; path = "hop-image.png"; sourceTree = "<group>"; };
		7E50B1D4144FE78400A4FB36 /* Checkin.h */ = {isa = PBXFileReference; fileEncoding = 4; lastKnownFileType = sourcecode.c.h; path = Checkin.h; sourceTree = "<group>"; };
		7E50B1D5144FE78400A4FB36 /* Checkin.m */ = {isa = PBXFileReference; fileEncoding = 4; lastKnownFileType = sourcecode.c.objc; path = Checkin.m; sourceTree = "<group>"; };
		7E5348CF1454DA1E001A938B /* VenueView.xib */ = {isa = PBXFileReference; fileEncoding = 4; lastKnownFileType = file.xib; path = VenueView.xib; sourceTree = "<group>"; };
		7E5348D11454DADF001A938B /* VenueViewController.h */ = {isa = PBXFileReference; fileEncoding = 4; lastKnownFileType = sourcecode.c.h; path = VenueViewController.h; sourceTree = "<group>"; };
		7E5348D21454DADF001A938B /* VenueViewController.m */ = {isa = PBXFileReference; fileEncoding = 4; lastKnownFileType = sourcecode.c.objc; path = VenueViewController.m; sourceTree = "<group>"; };
		7E5348D41454DCA3001A938B /* venue-image.png */ = {isa = PBXFileReference; lastKnownFileType = image.png; path = "venue-image.png"; sourceTree = "<group>"; };
		7E5348D61454EBAD001A938B /* Assignment.h */ = {isa = PBXFileReference; fileEncoding = 4; lastKnownFileType = sourcecode.c.h; path = Assignment.h; sourceTree = "<group>"; };
		7E5348D71454EBAD001A938B /* Assignment.m */ = {isa = PBXFileReference; fileEncoding = 4; lastKnownFileType = sourcecode.c.objc; path = Assignment.m; sourceTree = "<group>"; };
		7E5348D91455CA52001A938B /* AssignmentViewController.h */ = {isa = PBXFileReference; fileEncoding = 4; lastKnownFileType = sourcecode.c.h; path = AssignmentViewController.h; sourceTree = "<group>"; };
		7E5348DA1455CA52001A938B /* AssignmentViewController.m */ = {isa = PBXFileReference; fileEncoding = 4; lastKnownFileType = sourcecode.c.objc; path = AssignmentViewController.m; sourceTree = "<group>"; };
		7ECDC968144DCD9900938D03 /* AssignmentListView.xib */ = {isa = PBXFileReference; lastKnownFileType = file.xib; path = AssignmentListView.xib; sourceTree = "<group>"; };
		7ECDC96C144DCDD700938D03 /* AssignmentListViewController.h */ = {isa = PBXFileReference; fileEncoding = 4; lastKnownFileType = sourcecode.c.h; path = AssignmentListViewController.h; sourceTree = "<group>"; };
		7ECDC96D144DCDD700938D03 /* AssignmentListViewController.m */ = {isa = PBXFileReference; fileEncoding = 4; lastKnownFileType = sourcecode.c.objc; path = AssignmentListViewController.m; sourceTree = "<group>"; };
		7ECDC972144DCEF400938D03 /* Hop.h */ = {isa = PBXFileReference; fileEncoding = 4; lastKnownFileType = sourcecode.c.h; path = Hop.h; sourceTree = "<group>"; };
		7ECDC973144DCEF400938D03 /* Hop.m */ = {isa = PBXFileReference; fileEncoding = 4; lastKnownFileType = sourcecode.c.objc; path = Hop.m; sourceTree = "<group>"; };
		7ECDC98D144DD28C00938D03 /* RestKit.xcodeproj */ = {isa = PBXFileReference; lastKnownFileType = "wrapper.pb-project"; name = RestKit.xcodeproj; path = RestKit/RestKit.xcodeproj; sourceTree = "<group>"; };
		7ECDC9B9144DD2B200938D03 /* CFNetwork.framework */ = {isa = PBXFileReference; lastKnownFileType = wrapper.framework; name = CFNetwork.framework; path = System/Library/Frameworks/CFNetwork.framework; sourceTree = SDKROOT; };
		7ECDC9BB144DD2B200938D03 /* MobileCoreServices.framework */ = {isa = PBXFileReference; lastKnownFileType = wrapper.framework; name = MobileCoreServices.framework; path = System/Library/Frameworks/MobileCoreServices.framework; sourceTree = SDKROOT; };
		7ECDC9BD144DD2B200938D03 /* SystemConfiguration.framework */ = {isa = PBXFileReference; lastKnownFileType = wrapper.framework; name = SystemConfiguration.framework; path = System/Library/Frameworks/SystemConfiguration.framework; sourceTree = SDKROOT; };
		7ECDCA02144DD53000938D03 /* User.h */ = {isa = PBXFileReference; fileEncoding = 4; lastKnownFileType = sourcecode.c.h; path = User.h; sourceTree = "<group>"; };
		7ECDCA03144DD53000938D03 /* User.m */ = {isa = PBXFileReference; fileEncoding = 4; lastKnownFileType = sourcecode.c.objc; path = User.m; sourceTree = "<group>"; };
		7ECDCA05144DD60800938D03 /* Venue.h */ = {isa = PBXFileReference; fileEncoding = 4; lastKnownFileType = sourcecode.c.h; path = Venue.h; sourceTree = "<group>"; };
		7ECDCA06144DD60800938D03 /* Venue.m */ = {isa = PBXFileReference; fileEncoding = 4; lastKnownFileType = sourcecode.c.objc; path = Venue.m; sourceTree = "<group>"; };
		7ECDCA17144DD7B500938D03 /* DDAbstractDatabaseLogger.h */ = {isa = PBXFileReference; fileEncoding = 4; lastKnownFileType = sourcecode.c.h; path = DDAbstractDatabaseLogger.h; sourceTree = "<group>"; };
		7ECDCA18144DD7B500938D03 /* DDAbstractDatabaseLogger.m */ = {isa = PBXFileReference; fileEncoding = 4; lastKnownFileType = sourcecode.c.objc; path = DDAbstractDatabaseLogger.m; sourceTree = "<group>"; };
		7ECDCA19144DD7B500938D03 /* DDASLLogger.h */ = {isa = PBXFileReference; fileEncoding = 4; lastKnownFileType = sourcecode.c.h; path = DDASLLogger.h; sourceTree = "<group>"; };
		7ECDCA1A144DD7B500938D03 /* DDASLLogger.m */ = {isa = PBXFileReference; fileEncoding = 4; lastKnownFileType = sourcecode.c.objc; path = DDASLLogger.m; sourceTree = "<group>"; };
		7ECDCA1B144DD7B500938D03 /* DDFileLogger.h */ = {isa = PBXFileReference; fileEncoding = 4; lastKnownFileType = sourcecode.c.h; path = DDFileLogger.h; sourceTree = "<group>"; };
		7ECDCA1C144DD7B500938D03 /* DDFileLogger.m */ = {isa = PBXFileReference; fileEncoding = 4; lastKnownFileType = sourcecode.c.objc; path = DDFileLogger.m; sourceTree = "<group>"; };
		7ECDCA1D144DD7B500938D03 /* DDLog.h */ = {isa = PBXFileReference; fileEncoding = 4; lastKnownFileType = sourcecode.c.h; path = DDLog.h; sourceTree = "<group>"; };
		7ECDCA1E144DD7B500938D03 /* DDLog.m */ = {isa = PBXFileReference; fileEncoding = 4; lastKnownFileType = sourcecode.c.objc; path = DDLog.m; sourceTree = "<group>"; };
		7ECDCA1F144DD7B500938D03 /* DDTTYLogger.h */ = {isa = PBXFileReference; fileEncoding = 4; lastKnownFileType = sourcecode.c.h; path = DDTTYLogger.h; sourceTree = "<group>"; };
		7ECDCA20144DD7B500938D03 /* DDTTYLogger.m */ = {isa = PBXFileReference; fileEncoding = 4; lastKnownFileType = sourcecode.c.objc; path = DDTTYLogger.m; sourceTree = "<group>"; };
		7EDF7C1E1458E9AA00726C1B /* AccountView.xib */ = {isa = PBXFileReference; fileEncoding = 4; lastKnownFileType = file.xib; path = AccountView.xib; sourceTree = "<group>"; };
		7EDF7C201458E9CD00726C1B /* AccountViewController.h */ = {isa = PBXFileReference; fileEncoding = 4; lastKnownFileType = sourcecode.c.h; path = AccountViewController.h; sourceTree = "<group>"; };
		7EDF7C211458E9CD00726C1B /* AccountViewController.m */ = {isa = PBXFileReference; fileEncoding = 4; lastKnownFileType = sourcecode.c.objc; path = AccountViewController.m; sourceTree = "<group>"; };
		7EDF7C231458ECB700726C1B /* Trophy.h */ = {isa = PBXFileReference; fileEncoding = 4; lastKnownFileType = sourcecode.c.h; path = Trophy.h; sourceTree = "<group>"; };
		7EDF7C241458ECB700726C1B /* Trophy.m */ = {isa = PBXFileReference; fileEncoding = 4; lastKnownFileType = sourcecode.c.objc; path = Trophy.m; sourceTree = "<group>"; };
		7EDF7C4214591D8D00726C1B /* V8HorizontalPickerView.h */ = {isa = PBXFileReference; fileEncoding = 4; lastKnownFileType = sourcecode.c.h; path = V8HorizontalPickerView.h; sourceTree = "<group>"; };
		7EDF7C4314591D8D00726C1B /* V8HorizontalPickerView.m */ = {isa = PBXFileReference; fileEncoding = 4; lastKnownFileType = sourcecode.c.objc; path = V8HorizontalPickerView.m; sourceTree = "<group>"; };
		7EDF7C4414591D8D00726C1B /* V8HorizontalPickerViewProtocol.h */ = {isa = PBXFileReference; fileEncoding = 4; lastKnownFileType = sourcecode.c.h; path = V8HorizontalPickerViewProtocol.h; sourceTree = "<group>"; };
		7EF45092144E1DD700536B0E /* RKLoadable.h */ = {isa = PBXFileReference; fileEncoding = 4; lastKnownFileType = sourcecode.c.h; path = RKLoadable.h; sourceTree = "<group>"; };
		7EF45095144E2A0F00536B0E /* kngroo-logo-sq114.png */ = {isa = PBXFileReference; lastKnownFileType = image.png; path = "kngroo-logo-sq114.png"; sourceTree = "<group>"; };
		7EF45097144E2A1700536B0E /* kngroo-logo-sq57.png */ = {isa = PBXFileReference; lastKnownFileType = image.png; path = "kngroo-logo-sq57.png"; sourceTree = "<group>"; };
		8D1107310486CEB800E47090 /* Kngroo-Info.plist */ = {isa = PBXFileReference; fileEncoding = 4; lastKnownFileType = text.plist.xml; path = "Kngroo-Info.plist"; plistStructureDefinitionIdentifier = "com.apple.xcode.plist.structure-definition.iphone.info-plist"; sourceTree = "<group>"; };
/* End PBXFileReference section */

/* Begin PBXFrameworksBuildPhase section */
		1D60588F0D05DD3D006BFB54 /* Frameworks */ = {
			isa = PBXFrameworksBuildPhase;
			buildActionMask = 2147483647;
			files = (
				7ECDC9D1144DD33100938D03 /* libRestKitNetwork.a in Frameworks */,
				7ECDC9D2144DD33100938D03 /* libRestKitObjectMapping.a in Frameworks */,
				7ECDC9D3144DD33100938D03 /* libRestKitSupport.a in Frameworks */,
				7ECDC9D4144DD33100938D03 /* libRestKitJSONParserJSONKit.a in Frameworks */,
				1D60589F0D05DD5A006BFB54 /* Foundation.framework in Frameworks */,
				1DF5F4E00D08C38300B7A737 /* UIKit.framework in Frameworks */,
				288765080DF74369002DB57D /* CoreGraphics.framework in Frameworks */,
				7ECDC9BA144DD2B200938D03 /* CFNetwork.framework in Frameworks */,
				7ECDC9BC144DD2B200938D03 /* MobileCoreServices.framework in Frameworks */,
				7ECDC9BE144DD2B200938D03 /* SystemConfiguration.framework in Frameworks */,
			);
			runOnlyForDeploymentPostprocessing = 0;
		};
/* End PBXFrameworksBuildPhase section */

/* Begin PBXGroup section */
		080E96DDFE201D6D7F000001 /* Classes */ = {
			isa = PBXGroup;
			children = (
				7E35B3401459CF41002073DB /* NSString+SHA1.h */,
				7E35B3411459CF41002073DB /* NSString+SHA1.m */,
				7ECDC971144DCEE900938D03 /* Models */,
				1D3623240D0F684500981E51 /* KngrooAppDelegate.h */,
				1D3623250D0F684500981E51 /* KngrooAppDelegate.m */,
				7ECDC96C144DCDD700938D03 /* AssignmentListViewController.h */,
				7ECDC96D144DCDD700938D03 /* AssignmentListViewController.m */,
				7E50B1C3144F71AA00A4FB36 /* HopListViewController.h */,
				7E50B1C4144F71AA00A4FB36 /* HopListViewController.m */,
				7E50B1C8144F8D4900A4FB36 /* LeadersViewController.h */,
				7E50B1C9144F8D4900A4FB36 /* LeadersViewController.m */,
				7E50B1CD144F944200A4FB36 /* HopViewController.h */,
				7E50B1CE144F944300A4FB36 /* HopViewController.m */,
				7E5348D11454DADF001A938B /* VenueViewController.h */,
				7E5348D21454DADF001A938B /* VenueViewController.m */,
				7E5348D91455CA52001A938B /* AssignmentViewController.h */,
				7E5348DA1455CA52001A938B /* AssignmentViewController.m */,
				7EDF7C201458E9CD00726C1B /* AccountViewController.h */,
				7EDF7C211458E9CD00726C1B /* AccountViewController.m */,
				7E35B33D1459B8E5002073DB /* ImageManager.h */,
				7E35B33E1459B8E5002073DB /* ImageManager.m */,
			);
			path = Classes;
			sourceTree = "<group>";
		};
		19C28FACFE9D520D11CA2CBB /* Products */ = {
			isa = PBXGroup;
			children = (
				1D6058910D05DD3D006BFB54 /* Kngroo.app */,
			);
			name = Products;
			sourceTree = "<group>";
		};
		29B97314FDCFA39411CA2CEA /* Kngroo */ = {
			isa = PBXGroup;
			children = (
				7EDF7C2614591D8C00726C1B /* V8HorizontalPickerView */,
				7ECDCA16144DD7B500938D03 /* Lumberjack */,
				7ECDC98D144DD28C00938D03 /* RestKit.xcodeproj */,
				080E96DDFE201D6D7F000001 /* Classes */,
				29B97315FDCFA39411CA2CEA /* Other Sources */,
				29B97317FDCFA39411CA2CEA /* Resources */,
				29B97323FDCFA39411CA2CEA /* Frameworks */,
				19C28FACFE9D520D11CA2CBB /* Products */,
			);
			name = Kngroo;
			sourceTree = "<group>";
		};
		29B97315FDCFA39411CA2CEA /* Other Sources */ = {
			isa = PBXGroup;
			children = (
				28A0AB4B0D9B1048005BE974 /* Kngroo_Prefix.pch */,
				29B97316FDCFA39411CA2CEA /* main.m */,
			);
			name = "Other Sources";
			sourceTree = "<group>";
		};
		29B97317FDCFA39411CA2CEA /* Resources */ = {
			isa = PBXGroup;
			children = (
				7E35B336145927DB002073DB /* indicator.png */,
				7E35B337145927DB002073DB /* indicator@2x.png */,
				7E5348D41454DCA3001A938B /* venue-image.png */,
				7E50B1D2144F9EB700A4FB36 /* hop-image.png */,
				7E50B1C5144F71AA00A4FB36 /* HopListView.xib */,
				7EF45097144E2A1700536B0E /* kngroo-logo-sq57.png */,
				7EF45095144E2A0F00536B0E /* kngroo-logo-sq114.png */,
				28AD73870D9D96C1002E5188 /* MainWindow.xib */,
				8D1107310486CEB800E47090 /* Kngroo-Info.plist */,
				7ECDC968144DCD9900938D03 /* AssignmentListView.xib */,
				7E50B1CB144F8E7100A4FB36 /* LeadersView.xib */,
				7E50B1D0144F946D00A4FB36 /* HopView.xib */,
				7E5348CF1454DA1E001A938B /* VenueView.xib */,
				7EDF7C1E1458E9AA00726C1B /* AccountView.xib */,
			);
			name = Resources;
			sourceTree = "<group>";
		};
		29B97323FDCFA39411CA2CEA /* Frameworks */ = {
			isa = PBXGroup;
			children = (
				1DF5F4DF0D08C38300B7A737 /* UIKit.framework */,
				1D30AB110D05D00D00671497 /* Foundation.framework */,
				288765070DF74369002DB57D /* CoreGraphics.framework */,
				7ECDC9B9144DD2B200938D03 /* CFNetwork.framework */,
				7ECDC9BB144DD2B200938D03 /* MobileCoreServices.framework */,
				7ECDC9BD144DD2B200938D03 /* SystemConfiguration.framework */,
			);
			name = Frameworks;
			sourceTree = "<group>";
		};
		7ECDC971144DCEE900938D03 /* Models */ = {
			isa = PBXGroup;
			children = (
				7ECDC972144DCEF400938D03 /* Hop.h */,
				7ECDC973144DCEF400938D03 /* Hop.m */,
				7ECDCA02144DD53000938D03 /* User.h */,
				7ECDCA03144DD53000938D03 /* User.m */,
				7ECDCA05144DD60800938D03 /* Venue.h */,
				7ECDCA06144DD60800938D03 /* Venue.m */,
				7EF45092144E1DD700536B0E /* RKLoadable.h */,
				7E50B1D4144FE78400A4FB36 /* Checkin.h */,
				7E50B1D5144FE78400A4FB36 /* Checkin.m */,
				7E5348D61454EBAD001A938B /* Assignment.h */,
				7E5348D71454EBAD001A938B /* Assignment.m */,
				7EDF7C231458ECB700726C1B /* Trophy.h */,
				7EDF7C241458ECB700726C1B /* Trophy.m */,
				7E35B33A1459B692002073DB /* Category.h */,
				7E35B33B1459B692002073DB /* Category.m */,
			);
			name = Models;
			sourceTree = "<group>";
		};
		7ECDC98E144DD28C00938D03 /* Products */ = {
			isa = PBXGroup;
			children = (
				7ECDC99D144DD28C00938D03 /* libRestKitNetwork.a */,
				7ECDC99F144DD28C00938D03 /* libRestKitObjectMapping.a */,
				7ECDC9A1144DD28C00938D03 /* libRestKitSupport.a */,
				7ECDC9A3144DD28C00938D03 /* libRestKitJSONParserNXJSON.a */,
				7ECDC9A5144DD28C00938D03 /* libRestKitJSONParserYAJL.a */,
				7ECDC9A7144DD28C00938D03 /* libRestKitJSONParserSBJSON.a */,
				7ECDC9A9144DD28C00938D03 /* libRestKitJSONParserJSONKit.a */,
				7ECDC9AB144DD28C00938D03 /* libRestKitXMLParserLibxml.a */,
				7ECDC9AD144DD28C00938D03 /* libRestKitCoreData.a */,
				7ECDC9AF144DD28C00938D03 /* libRestKitThree20.a */,
				7ECDC9B1144DD28C00938D03 /* RestKitSpecs.app */,
			);
			name = Products;
			sourceTree = "<group>";
		};
		7ECDCA16144DD7B500938D03 /* Lumberjack */ = {
			isa = PBXGroup;
			children = (
				7ECDCA17144DD7B500938D03 /* DDAbstractDatabaseLogger.h */,
				7ECDCA18144DD7B500938D03 /* DDAbstractDatabaseLogger.m */,
				7ECDCA19144DD7B500938D03 /* DDASLLogger.h */,
				7ECDCA1A144DD7B500938D03 /* DDASLLogger.m */,
				7ECDCA1B144DD7B500938D03 /* DDFileLogger.h */,
				7ECDCA1C144DD7B500938D03 /* DDFileLogger.m */,
				7ECDCA1D144DD7B500938D03 /* DDLog.h */,
				7ECDCA1E144DD7B500938D03 /* DDLog.m */,
				7ECDCA1F144DD7B500938D03 /* DDTTYLogger.h */,
				7ECDCA20144DD7B500938D03 /* DDTTYLogger.m */,
			);
			name = Lumberjack;
			path = CocoaLumberjack/Lumberjack;
			sourceTree = "<group>";
		};
		7EDF7C2614591D8C00726C1B /* V8HorizontalPickerView */ = {
			isa = PBXGroup;
			children = (
				7EDF7C4214591D8D00726C1B /* V8HorizontalPickerView.h */,
				7EDF7C4314591D8D00726C1B /* V8HorizontalPickerView.m */,
				7EDF7C4414591D8D00726C1B /* V8HorizontalPickerViewProtocol.h */,
			);
			path = V8HorizontalPickerView;
			sourceTree = "<group>";
		};
/* End PBXGroup section */

/* Begin PBXNativeTarget section */
		1D6058900D05DD3D006BFB54 /* Kngroo */ = {
			isa = PBXNativeTarget;
			buildConfigurationList = 1D6058960D05DD3E006BFB54 /* Build configuration list for PBXNativeTarget "Kngroo" */;
			buildPhases = (
				1D60588D0D05DD3D006BFB54 /* Resources */,
				1D60588E0D05DD3D006BFB54 /* Sources */,
				1D60588F0D05DD3D006BFB54 /* Frameworks */,
			);
			buildRules = (
			);
			dependencies = (
				7ECDC9D0144DD30F00938D03 /* PBXTargetDependency */,
			);
			name = Kngroo;
			productName = Kngroo;
			productReference = 1D6058910D05DD3D006BFB54 /* Kngroo.app */;
			productType = "com.apple.product-type.application";
		};
/* End PBXNativeTarget section */

/* Begin PBXProject section */
		29B97313FDCFA39411CA2CEA /* Project object */ = {
			isa = PBXProject;
			attributes = {
				LastUpgradeCheck = 0420;
			};
			buildConfigurationList = C01FCF4E08A954540054247B /* Build configuration list for PBXProject "Kngroo" */;
			compatibilityVersion = "Xcode 3.2";
			developmentRegion = English;
			hasScannedForEncodings = 1;
			knownRegions = (
				English,
				Japanese,
				French,
				German,
			);
			mainGroup = 29B97314FDCFA39411CA2CEA /* Kngroo */;
			projectDirPath = "";
			projectReferences = (
				{
					ProductGroup = 7ECDC98E144DD28C00938D03 /* Products */;
					ProjectRef = 7ECDC98D144DD28C00938D03 /* RestKit.xcodeproj */;
				},
			);
			projectRoot = "";
			targets = (
				1D6058900D05DD3D006BFB54 /* Kngroo */,
			);
		};
/* End PBXProject section */

/* Begin PBXReferenceProxy section */
		7ECDC99D144DD28C00938D03 /* libRestKitNetwork.a */ = {
			isa = PBXReferenceProxy;
			fileType = archive.ar;
			path = libRestKitNetwork.a;
			remoteRef = 7ECDC99C144DD28C00938D03 /* PBXContainerItemProxy */;
			sourceTree = BUILT_PRODUCTS_DIR;
		};
		7ECDC99F144DD28C00938D03 /* libRestKitObjectMapping.a */ = {
			isa = PBXReferenceProxy;
			fileType = archive.ar;
			path = libRestKitObjectMapping.a;
			remoteRef = 7ECDC99E144DD28C00938D03 /* PBXContainerItemProxy */;
			sourceTree = BUILT_PRODUCTS_DIR;
		};
		7ECDC9A1144DD28C00938D03 /* libRestKitSupport.a */ = {
			isa = PBXReferenceProxy;
			fileType = archive.ar;
			path = libRestKitSupport.a;
			remoteRef = 7ECDC9A0144DD28C00938D03 /* PBXContainerItemProxy */;
			sourceTree = BUILT_PRODUCTS_DIR;
		};
		7ECDC9A3144DD28C00938D03 /* libRestKitJSONParserNXJSON.a */ = {
			isa = PBXReferenceProxy;
			fileType = archive.ar;
			path = libRestKitJSONParserNXJSON.a;
			remoteRef = 7ECDC9A2144DD28C00938D03 /* PBXContainerItemProxy */;
			sourceTree = BUILT_PRODUCTS_DIR;
		};
		7ECDC9A5144DD28C00938D03 /* libRestKitJSONParserYAJL.a */ = {
			isa = PBXReferenceProxy;
			fileType = archive.ar;
			path = libRestKitJSONParserYAJL.a;
			remoteRef = 7ECDC9A4144DD28C00938D03 /* PBXContainerItemProxy */;
			sourceTree = BUILT_PRODUCTS_DIR;
		};
		7ECDC9A7144DD28C00938D03 /* libRestKitJSONParserSBJSON.a */ = {
			isa = PBXReferenceProxy;
			fileType = archive.ar;
			path = libRestKitJSONParserSBJSON.a;
			remoteRef = 7ECDC9A6144DD28C00938D03 /* PBXContainerItemProxy */;
			sourceTree = BUILT_PRODUCTS_DIR;
		};
		7ECDC9A9144DD28C00938D03 /* libRestKitJSONParserJSONKit.a */ = {
			isa = PBXReferenceProxy;
			fileType = archive.ar;
			path = libRestKitJSONParserJSONKit.a;
			remoteRef = 7ECDC9A8144DD28C00938D03 /* PBXContainerItemProxy */;
			sourceTree = BUILT_PRODUCTS_DIR;
		};
		7ECDC9AB144DD28C00938D03 /* libRestKitXMLParserLibxml.a */ = {
			isa = PBXReferenceProxy;
			fileType = archive.ar;
			path = libRestKitXMLParserLibxml.a;
			remoteRef = 7ECDC9AA144DD28C00938D03 /* PBXContainerItemProxy */;
			sourceTree = BUILT_PRODUCTS_DIR;
		};
		7ECDC9AD144DD28C00938D03 /* libRestKitCoreData.a */ = {
			isa = PBXReferenceProxy;
			fileType = archive.ar;
			path = libRestKitCoreData.a;
			remoteRef = 7ECDC9AC144DD28C00938D03 /* PBXContainerItemProxy */;
			sourceTree = BUILT_PRODUCTS_DIR;
		};
		7ECDC9AF144DD28C00938D03 /* libRestKitThree20.a */ = {
			isa = PBXReferenceProxy;
			fileType = archive.ar;
			path = libRestKitThree20.a;
			remoteRef = 7ECDC9AE144DD28C00938D03 /* PBXContainerItemProxy */;
			sourceTree = BUILT_PRODUCTS_DIR;
		};
		7ECDC9B1144DD28C00938D03 /* RestKitSpecs.app */ = {
			isa = PBXReferenceProxy;
			fileType = wrapper.application;
			path = RestKitSpecs.app;
			remoteRef = 7ECDC9B0144DD28C00938D03 /* PBXContainerItemProxy */;
			sourceTree = BUILT_PRODUCTS_DIR;
		};
/* End PBXReferenceProxy section */

/* Begin PBXResourcesBuildPhase section */
		1D60588D0D05DD3D006BFB54 /* Resources */ = {
			isa = PBXResourcesBuildPhase;
			buildActionMask = 2147483647;
			files = (
				28AD73880D9D96C1002E5188 /* MainWindow.xib in Resources */,
				7ECDC969144DCD9900938D03 /* AssignmentListView.xib in Resources */,
				7EF45096144E2A0F00536B0E /* kngroo-logo-sq114.png in Resources */,
				7EF45098144E2A1700536B0E /* kngroo-logo-sq57.png in Resources */,
				7E50B1C7144F71AA00A4FB36 /* HopListView.xib in Resources */,
				7E50B1CC144F8E7100A4FB36 /* LeadersView.xib in Resources */,
				7E50B1D1144F946D00A4FB36 /* HopView.xib in Resources */,
				7E50B1D3144F9EB800A4FB36 /* hop-image.png in Resources */,
				7E5348D01454DA1E001A938B /* VenueView.xib in Resources */,
				7E5348D51454DCA3001A938B /* venue-image.png in Resources */,
				7EDF7C1F1458E9AA00726C1B /* AccountView.xib in Resources */,
				7E35B338145927DB002073DB /* indicator.png in Resources */,
				7E35B339145927DB002073DB /* indicator@2x.png in Resources */,
			);
			runOnlyForDeploymentPostprocessing = 0;
		};
/* End PBXResourcesBuildPhase section */

/* Begin PBXSourcesBuildPhase section */
		1D60588E0D05DD3D006BFB54 /* Sources */ = {
			isa = PBXSourcesBuildPhase;
			buildActionMask = 2147483647;
			files = (
				1D60589B0D05DD56006BFB54 /* main.m in Sources */,
				1D3623260D0F684500981E51 /* KngrooAppDelegate.m in Sources */,
				7ECDC96E144DCDD700938D03 /* AssignmentListViewController.m in Sources */,
				7ECDC974144DCEF400938D03 /* Hop.m in Sources */,
				7ECDCA04144DD53000938D03 /* User.m in Sources */,
				7ECDCA07144DD60800938D03 /* Venue.m in Sources */,
				7ECDCA27144DD7B500938D03 /* DDAbstractDatabaseLogger.m in Sources */,
				7ECDCA28144DD7B500938D03 /* DDASLLogger.m in Sources */,
				7ECDCA29144DD7B500938D03 /* DDFileLogger.m in Sources */,
				7ECDCA2A144DD7B500938D03 /* DDLog.m in Sources */,
				7ECDCA2B144DD7B500938D03 /* DDTTYLogger.m in Sources */,
				7E50B1C6144F71AA00A4FB36 /* HopListViewController.m in Sources */,
				7E50B1CA144F8D4900A4FB36 /* LeadersViewController.m in Sources */,
				7E50B1CF144F944300A4FB36 /* HopViewController.m in Sources */,
				7E50B1D6144FE78400A4FB36 /* Checkin.m in Sources */,
				7E5348D31454DADF001A938B /* VenueViewController.m in Sources */,
				7E5348D81454EBAD001A938B /* Assignment.m in Sources */,
				7E5348DB1455CA52001A938B /* AssignmentViewController.m in Sources */,
				7EDF7C221458E9CD00726C1B /* AccountViewController.m in Sources */,
				7EDF7C251458ECB700726C1B /* Trophy.m in Sources */,
				7EDF7C5B14591D8D00726C1B /* V8HorizontalPickerView.m in Sources */,
				7E35B33C1459B692002073DB /* Category.m in Sources */,
				7E35B33F1459B8E5002073DB /* ImageManager.m in Sources */,
				7E35B3421459CF41002073DB /* NSString+SHA1.m in Sources */,
			);
			runOnlyForDeploymentPostprocessing = 0;
		};
/* End PBXSourcesBuildPhase section */

/* Begin PBXTargetDependency section */
		7ECDC9D0144DD30F00938D03 /* PBXTargetDependency */ = {
			isa = PBXTargetDependency;
			name = RestKit;
			targetProxy = 7ECDC9CF144DD30F00938D03 /* PBXContainerItemProxy */;
		};
/* End PBXTargetDependency section */

/* Begin XCBuildConfiguration section */
		1D6058940D05DD3E006BFB54 /* Debug */ = {
			isa = XCBuildConfiguration;
			buildSettings = {
				ALWAYS_SEARCH_USER_PATHS = NO;
				COPY_PHASE_STRIP = NO;
				GCC_DYNAMIC_NO_PIC = NO;
				GCC_OPTIMIZATION_LEVEL = 0;
				GCC_PRECOMPILE_PREFIX_HEADER = YES;
				GCC_PREFIX_HEADER = Kngroo_Prefix.pch;
				HEADER_SEARCH_PATHS = "$(SOURCE_ROOT)/RestKit/Build";
				INFOPLIST_FILE = "Kngroo-Info.plist";
				IPHONEOS_DEPLOYMENT_TARGET = 4.0;
				PRODUCT_NAME = Kngroo;
			};
			name = Debug;
		};
		1D6058950D05DD3E006BFB54 /* Release */ = {
			isa = XCBuildConfiguration;
			buildSettings = {
				ALWAYS_SEARCH_USER_PATHS = NO;
				COPY_PHASE_STRIP = YES;
				GCC_PRECOMPILE_PREFIX_HEADER = YES;
				GCC_PREFIX_HEADER = Kngroo_Prefix.pch;
				INFOPLIST_FILE = "Kngroo-Info.plist";
				IPHONEOS_DEPLOYMENT_TARGET = 4.0;
				PRODUCT_NAME = Kngroo;
				VALIDATE_PRODUCT = YES;
			};
			name = Release;
		};
		C01FCF4F08A954540054247B /* Debug */ = {
			isa = XCBuildConfiguration;
			buildSettings = {
				ARCHS = "$(ARCHS_STANDARD_32_BIT)";
				"CODE_SIGN_IDENTITY[sdk=iphoneos*]" = "iPhone Developer";
				GCC_C_LANGUAGE_STANDARD = c99;
				GCC_WARN_ABOUT_RETURN_TYPE = YES;
				GCC_WARN_UNUSED_VARIABLE = YES;
				HEADER_SEARCH_PATHS = "$(SOURCE_ROOT)/RestKit/RestKit/Code";
				OTHER_LDFLAGS = "-ObjC";
				SDKROOT = iphoneos;
			};
			name = Debug;
		};
		C01FCF5008A954540054247B /* Release */ = {
			isa = XCBuildConfiguration;
			buildSettings = {
				ARCHS = "$(ARCHS_STANDARD_32_BIT)";
				"CODE_SIGN_IDENTITY[sdk=iphoneos*]" = "iPhone Developer";
				GCC_C_LANGUAGE_STANDARD = c99;
				GCC_WARN_ABOUT_RETURN_TYPE = YES;
				GCC_WARN_UNUSED_VARIABLE = YES;
				OTHER_CFLAGS = "-DNS_BLOCK_ASSERTIONS=1";
				SDKROOT = iphoneos;
			};
			name = Release;
		};
/* End XCBuildConfiguration section */

/* Begin XCConfigurationList section */
		1D6058960D05DD3E006BFB54 /* Build configuration list for PBXNativeTarget "Kngroo" */ = {
			isa = XCConfigurationList;
			buildConfigurations = (
				1D6058940D05DD3E006BFB54 /* Debug */,
				1D6058950D05DD3E006BFB54 /* Release */,
			);
			defaultConfigurationIsVisible = 0;
			defaultConfigurationName = Release;
		};
		C01FCF4E08A954540054247B /* Build configuration list for PBXProject "Kngroo" */ = {
			isa = XCConfigurationList;
			buildConfigurations = (
				C01FCF4F08A954540054247B /* Debug */,
				C01FCF5008A954540054247B /* Release */,
			);
			defaultConfigurationIsVisible = 0;
			defaultConfigurationName = Release;
		};
/* End XCConfigurationList section */
	};
	rootObject = 29B97313FDCFA39411CA2CEA /* Project object */;
}
